
Microsoft Visual Studio Solution File, Format Version 12.00
# Visual Studio 15
Project("{FAE04EC0-301F-11D3-BF4B-00C04F79EFBC}") = "NetHealth.DataCollector.Host", "NetHealth.DataCollector.Host\NetHealth.DataCollector.Host.csproj", "{17E50219-77D2-404F-86F5-EF8CBE9CF550}"
EndProject
Project("{FAE04EC0-301F-11D3-BF4B-00C04F79EFBC}") = "NetHealth.DataCollector", "NetHealth.DataCollector\NetHealth.DataCollector.csproj", "{66973E26-D8DE-4E05-9754-DF0AE200DDAC}"
EndProject
Global
	GlobalSection(SolutionConfigurationPlatforms) = preSolution
		Debug|Any CPU = Debug|Any CPU
		Release|Any CPU = Release|Any CPU
	EndGlobalSection
	GlobalSection(ProjectConfigurationPlatforms) = postSolution
		{17E50219-77D2-404F-86F5-EF8CBE9CF550}.Debug|Any CPU.ActiveCfg = Debug|Any CPU
		{17E50219-77D2-404F-86F5-EF8CBE9CF550}.Debug|Any CPU.Build.0 = Debug|Any CPU
		{17E50219-77D2-404F-86F5-EF8CBE9CF550}.Release|Any CPU.ActiveCfg = Release|Any CPU
		{17E50219-77D2-404F-86F5-EF8CBE9CF550}.Release|Any CPU.Build.0 = Release|Any CPU
		{66973E26-D8DE-4E05-9754-DF0AE200DDAC}.Debug|Any CPU.ActiveCfg = Debug|Any CPU
		{66973E26-D8DE-4E05-9754-DF0AE200DDAC}.Debug|Any CPU.Build.0 = Debug|Any CPU
		{66973E26-D8DE-4E05-9754-DF0AE200DDAC}.Release|Any CPU.ActiveCfg = Release|Any CPU
		{66973E26-D8DE-4E05-9754-DF0AE200DDAC}.Release|Any CPU.Build.0 = Release|Any CPU
	EndGlobalSection
EndGlobal
